// !$*UTF8*$!
{
	archiveVersion = 1;
	classes = {
	};
	objectVersion = 50;
	objects = {

/* Begin PBXBuildFile section */
		B757DFFB2128370C00532550 /* AppDelegate.swift in Sources */ = {isa = PBXBuildFile; fileRef = B757DFFA2128370C00532550 /* AppDelegate.swift */; };
		B757DFFD2128370C00532550 /* ViewController.swift in Sources */ = {isa = PBXBuildFile; fileRef = B757DFFC2128370C00532550 /* ViewController.swift */; };
		B757E0002128370C00532550 /* Main.storyboard in Resources */ = {isa = PBXBuildFile; fileRef = B757DFFE2128370C00532550 /* Main.storyboard */; };
		B757E0022128370E00532550 /* Assets.xcassets in Resources */ = {isa = PBXBuildFile; fileRef = B757E0012128370E00532550 /* Assets.xcassets */; };
		B757E0052128370E00532550 /* LaunchScreen.storyboard in Resources */ = {isa = PBXBuildFile; fileRef = B757E0032128370E00532550 /* LaunchScreen.storyboard */; };
		B757E0102128370E00532550 /* TempAppTests.swift in Sources */ = {isa = PBXBuildFile; fileRef = B757E00F2128370E00532550 /* TempAppTests.swift */; };
/* End PBXBuildFile section */

/* Begin PBXContainerItemProxy section */
		B757E00C2128370E00532550 /* PBXContainerItemProxy */ = {
			isa = PBXContainerItemProxy;
			containerPortal = B757DFEF2128370C00532550 /* Project object */;
			proxyType = 1;
			remoteGlobalIDString = B757DFF62128370C00532550;
			remoteInfo = TempApp;
		};
/* End PBXContainerItemProxy section */

/* Begin PBXFileReference section */
		B757DFF72128370C00532550 /* TempApp.app */ = {isa = PBXFileReference; explicitFileType = wrapper.application; includeInIndex = 0; path = TempApp.app; sourceTree = BUILT_PRODUCTS_DIR; };
		B757DFFA2128370C00532550 /* AppDelegate.swift */ = {isa = PBXFileReference; lastKnownFileType = sourcecode.swift; path = AppDelegate.swift; sourceTree = "<group>"; };
		B757DFFC2128370C00532550 /* ViewController.swift */ = {isa = PBXFileReference; lastKnownFileType = sourcecode.swift; path = ViewController.swift; sourceTree = "<group>"; };
		B757DFFF2128370C00532550 /* Base */ = {isa = PBXFileReference; lastKnownFileType = file.storyboard; name = Base; path = Base.lproj/Main.storyboard; sourceTree = "<group>"; };
		B757E0012128370E00532550 /* Assets.xcassets */ = {isa = PBXFileReference; lastKnownFileType = folder.assetcatalog; path = Assets.xcassets; sourceTree = "<group>"; };
		B757E0042128370E00532550 /* Base */ = {isa = PBXFileReference; lastKnownFileType = file.storyboard; name = Base; path = Base.lproj/LaunchScreen.storyboard; sourceTree = "<group>"; };
		B757E0062128370E00532550 /* Info.plist */ = {isa = PBXFileReference; lastKnownFileType = text.plist.xml; path = Info.plist; sourceTree = "<group>"; };
		B757E00B2128370E00532550 /* TempAppTests.xctest */ = {isa = PBXFileReference; explicitFileType = wrapper.cfbundle; includeInIndex = 0; path = TempAppTests.xctest; sourceTree = BUILT_PRODUCTS_DIR; };
		B757E00F2128370E00532550 /* TempAppTests.swift */ = {isa = PBXFileReference; lastKnownFileType = sourcecode.swift; path = TempAppTests.swift; sourceTree = "<group>"; };
		B757E0112128370E00532550 /* Info.plist */ = {isa = PBXFileReference; lastKnownFileType = text.plist.xml; path = Info.plist; sourceTree = "<group>"; };
/* End PBXFileReference section */

/* Begin PBXFrameworksBuildPhase section */
		B757DFF42128370C00532550 /* Frameworks */ = {
			isa = PBXFrameworksBuildPhase;
			buildActionMask = 2147483647;
			files = (
			);
			runOnlyForDeploymentPostprocessing = 0;
		};
		B757E0082128370E00532550 /* Frameworks */ = {
			isa = PBXFrameworksBuildPhase;
			buildActionMask = 2147483647;
			files = (
			);
			runOnlyForDeploymentPostprocessing = 0;
		};
/* End PBXFrameworksBuildPhase section */

/* Begin PBXGroup section */
		B757DFEE2128370C00532550 = {
			isa = PBXGroup;
			children = (
				B757DFF92128370C00532550 /* TempApp */,
				B757E00E2128370E00532550 /* TempAppTests */,
				B757DFF82128370C00532550 /* Products */,
			);
			sourceTree = "<group>";
		};
		B757DFF82128370C00532550 /* Products */ = {
			isa = PBXGroup;
			children = (
				B757DFF72128370C00532550 /* TempApp.app */,
				B757E00B2128370E00532550 /* TempAppTests.xctest */,
			);
			name = Products;
			sourceTree = "<group>";
		};
		B757DFF92128370C00532550 /* TempApp */ = {
			isa = PBXGroup;
			children = (
				B757DFFA2128370C00532550 /* AppDelegate.swift */,
				B757DFFC2128370C00532550 /* ViewController.swift */,
				B757DFFE2128370C00532550 /* Main.storyboard */,
				B757E0012128370E00532550 /* Assets.xcassets */,
				B757E0032128370E00532550 /* LaunchScreen.storyboard */,
				B757E0062128370E00532550 /* Info.plist */,
			);
			path = TempApp;
			sourceTree = "<group>";
		};
		B757E00E2128370E00532550 /* TempAppTests */ = {
			isa = PBXGroup;
			children = (
				B757E00F2128370E00532550 /* TempAppTests.swift */,
				B757E0112128370E00532550 /* Info.plist */,
			);
			path = TempAppTests;
			sourceTree = "<group>";
		};
/* End PBXGroup section */

/* Begin PBXNativeTarget section */
		B757DFF62128370C00532550 /* TempApp */ = {
			isa = PBXNativeTarget;
			buildConfigurationList = B757E0142128370E00532550 /* Build configuration list for PBXNativeTarget "TempApp" */;
			buildPhases = (
				B757DFF32128370C00532550 /* Sources */,
				B757DFF42128370C00532550 /* Frameworks */,
				B757DFF52128370C00532550 /* Resources */,
			);
			buildRules = (
			);
			dependencies = (
			);
			name = TempApp;
			productName = TempApp;
			productReference = B757DFF72128370C00532550 /* TempApp.app */;
			productType = "com.apple.product-type.application";
		};
		B757E00A2128370E00532550 /* TempAppTests */ = {
			isa = PBXNativeTarget;
			buildConfigurationList = B757E0172128370E00532550 /* Build configuration list for PBXNativeTarget "TempAppTests" */;
			buildPhases = (
				B757E0072128370E00532550 /* Sources */,
				B757E0082128370E00532550 /* Frameworks */,
				B757E0092128370E00532550 /* Resources */,
			);
			buildRules = (
			);
			dependencies = (
				B757E00D2128370E00532550 /* PBXTargetDependency */,
			);
			name = TempAppTests;
			productName = TempAppTests;
			productReference = B757E00B2128370E00532550 /* TempAppTests.xctest */;
			productType = "com.apple.product-type.bundle.unit-test";
		};
/* End PBXNativeTarget section */

/* Begin PBXProject section */
		B757DFEF2128370C00532550 /* Project object */ = {
			isa = PBXProject;
			attributes = {
				LastSwiftUpdateCheck = 0940;
				LastUpgradeCheck = 0940;
				ORGANIZATIONNAME = Private;
				TargetAttributes = {
					B757DFF62128370C00532550 = {
						CreatedOnToolsVersion = 9.4.1;
					};
					B757E00A2128370E00532550 = {
						CreatedOnToolsVersion = 9.4.1;
						TestTargetID = B757DFF62128370C00532550;
					};
				};
			};
			buildConfigurationList = B757DFF22128370C00532550 /* Build configuration list for PBXProject "TempApp" */;
			compatibilityVersion = "Xcode 9.3";
			developmentRegion = en;
			hasScannedForEncodings = 0;
			knownRegions = (
				en,
				Base,
			);
			mainGroup = B757DFEE2128370C00532550;
			productRefGroup = B757DFF82128370C00532550 /* Products */;
			projectDirPath = "";
			projectRoot = "";
			targets = (
				B757DFF62128370C00532550 /* TempApp */,
				B757E00A2128370E00532550 /* TempAppTests */,
			);
		};
/* End PBXProject section */

/* Begin PBXResourcesBuildPhase section */
		B757DFF52128370C00532550 /* Resources */ = {
			isa = PBXResourcesBuildPhase;
			buildActionMask = 2147483647;
			files = (
				B757E0052128370E00532550 /* LaunchScreen.storyboard in Resources */,
				B757E0022128370E00532550 /* Assets.xcassets in Resources */,
				B757E0002128370C00532550 /* Main.storyboard in Resources */,
			);
			runOnlyForDeploymentPostprocessing = 0;
		};
		B757E0092128370E00532550 /* Resources */ = {
			isa = PBXResourcesBuildPhase;
			buildActionMask = 2147483647;
			files = (
			);
			runOnlyForDeploymentPostprocessing = 0;
		};
/* End PBXResourcesBuildPhase section */

/* Begin PBXSourcesBuildPhase section */
		B757DFF32128370C00532550 /* Sources */ = {
			isa = PBXSourcesBuildPhase;
			buildActionMask = 2147483647;
			files = (
				B757DFFD2128370C00532550 /* ViewController.swift in Sources */,
				B757DFFB2128370C00532550 /* AppDelegate.swift in Sources */,
			);
			runOnlyForDeploymentPostprocessing = 0;
		};
		B757E0072128370E00532550 /* Sources */ = {
			isa = PBXSourcesBuildPhase;
			buildActionMask = 2147483647;
			files = (
				B757E0102128370E00532550 /* TempAppTests.swift in Sources */,
			);
			runOnlyForDeploymentPostprocessing = 0;
		};
/* End PBXSourcesBuildPhase section */

/* Begin PBXTargetDependency section */
		B757E00D2128370E00532550 /* PBXTargetDependency */ = {
			isa = PBXTargetDependency;
			target = B757DFF62128370C00532550 /* TempApp */;
			targetProxy = B757E00C2128370E00532550 /* PBXContainerItemProxy */;
		};
/* End PBXTargetDependency section */

/* Begin PBXVariantGroup section */
		B757DFFE2128370C00532550 /* Main.storyboard */ = {
			isa = PBXVariantGroup;
			children = (
				B757DFFF2128370C00532550 /* Base */,
			);
			name = Main.storyboard;
			sourceTree = "<group>";
		};
		B757E0032128370E00532550 /* LaunchScreen.storyboard */ = {
			isa = PBXVariantGroup;
			children = (
				B757E0042128370E00532550 /* Base */,
			);
			name = LaunchScreen.storyboard;
			sourceTree = "<group>";
		};
/* End PBXVariantGroup section */

/* Begin XCBuildConfiguration section */
		B757E0122128370E00532550 /* Debug */ = {
			isa = XCBuildConfiguration;
			buildSettings = {
				ALWAYS_SEARCH_USER_PATHS = NO;
				CLANG_ANALYZER_NONNULL = YES;
				CLANG_ANALYZER_NUMBER_OBJECT_CONVERSION = YES_AGGRESSIVE;
				CLANG_CXX_LANGUAGE_STANDARD = "gnu++14";
				CLANG_CXX_LIBRARY = "libc++";
				CLANG_ENABLE_MODULES = YES;
				CLANG_ENABLE_OBJC_ARC = YES;
				CLANG_ENABLE_OBJC_WEAK = YES;
				CLANG_WARN_BLOCK_CAPTURE_AUTORELEASING = YES;
				CLANG_WARN_BOOL_CONVERSION = YES;
				CLANG_WARN_COMMA = YES;
				CLANG_WARN_CONSTANT_CONVERSION = YES;
				CLANG_WARN_DEPRECATED_OBJC_IMPLEMENTATIONS = YES;
				CLANG_WARN_DIRECT_OBJC_ISA_USAGE = YES_ERROR;
				CLANG_WARN_DOCUMENTATION_COMMENTS = YES;
				CLANG_WARN_EMPTY_BODY = YES;
				CLANG_WARN_ENUM_CONVERSION = YES;
				CLANG_WARN_INFINITE_RECURSION = YES;
				CLANG_WARN_INT_CONVERSION = YES;
				CLANG_WARN_NON_LITERAL_NULL_CONVERSION = YES;
				CLANG_WARN_OBJC_IMPLICIT_RETAIN_SELF = YES;
				CLANG_WARN_OBJC_LITERAL_CONVERSION = YES;
				CLANG_WARN_OBJC_ROOT_CLASS = YES_ERROR;
				CLANG_WARN_RANGE_LOOP_ANALYSIS = YES;
				CLANG_WARN_STRICT_PROTOTYPES = YES;
				CLANG_WARN_SUSPICIOUS_MOVE = YES;
				CLANG_WARN_UNGUARDED_AVAILABILITY = YES_AGGRESSIVE;
				CLANG_WARN_UNREACHABLE_CODE = YES;
				CLANG_WARN__DUPLICATE_METHOD_MATCH = YES;
				CODE_SIGN_IDENTITY = "iPhone Developer";
				COPY_PHASE_STRIP = NO;
				DEBUG_INFORMATION_FORMAT = dwarf;
				ENABLE_STRICT_OBJC_MSGSEND = YES;
				ENABLE_TESTABILITY = YES;
				GCC_C_LANGUAGE_STANDARD = gnu11;
				GCC_DYNAMIC_NO_PIC = NO;
				GCC_NO_COMMON_BLOCKS = YES;
				GCC_OPTIMIZATION_LEVEL = 0;
				GCC_PREPROCESSOR_DEFINITIONS = (
					"DEBUG=1",
					"$(inherited)",
				);
				GCC_WARN_64_TO_32_BIT_CONVERSION = YES;
				GCC_WARN_ABOUT_RETURN_TYPE = YES_ERROR;
				GCC_WARN_UNDECLARED_SELECTOR = YES;
				GCC_WARN_UNINITIALIZED_AUTOS = YES_AGGRESSIVE;
				GCC_WARN_UNUSED_FUNCTION = YES;
				GCC_WARN_UNUSED_VARIABLE = YES;
				IPHONEOS_DEPLOYMENT_TARGET = 11.4;
				MTL_ENABLE_DEBUG_INFO = YES;
				ONLY_ACTIVE_ARCH = YES;
				SDKROOT = iphoneos;
				SWIFT_ACTIVE_COMPILATION_CONDITIONS = DEBUG;
				SWIFT_OPTIMIZATION_LEVEL = "-Onone";
			};
			name = Debug;
		};
		B757E0132128370E00532550 /* Release */ = {
			isa = XCBuildConfiguration;
			buildSettings = {
				ALWAYS_SEARCH_USER_PATHS = NO;
				CLANG_ANALYZER_NONNULL = YES;
				CLANG_ANALYZER_NUMBER_OBJECT_CONVERSION = YES_AGGRESSIVE;
				CLANG_CXX_LANGUAGE_STANDARD = "gnu++14";
				CLANG_CXX_LIBRARY = "libc++";
				CLANG_ENABLE_MODULES = YES;
				CLANG_ENABLE_OBJC_ARC = YES;
				CLANG_ENABLE_OBJC_WEAK = YES;
				CLANG_WARN_BLOCK_CAPTURE_AUTORELEASING = YES;
				CLANG_WARN_BOOL_CONVERSION = YES;
				CLANG_WARN_COMMA = YES;
				CLANG_WARN_CONSTANT_CONVERSION = YES;
				CLANG_WARN_DEPRECATED_OBJC_IMPLEMENTATIONS = YES;
				CLANG_WARN_DIRECT_OBJC_ISA_USAGE = YES_ERROR;
				CLANG_WARN_DOCUMENTATION_COMMENTS = YES;
				CLANG_WARN_EMPTY_BODY = YES;
				CLANG_WARN_ENUM_CONVERSION = YES;
				CLANG_WARN_INFINITE_RECURSION = YES;
				CLANG_WARN_INT_CONVERSION = YES;
				CLANG_WARN_NON_LITERAL_NULL_CONVERSION = YES;
				CLANG_WARN_OBJC_IMPLICIT_RETAIN_SELF = YES;
				CLANG_WARN_OBJC_LITERAL_CONVERSION = YES;
				CLANG_WARN_OBJC_ROOT_CLASS = YES_ERROR;
				CLANG_WARN_RANGE_LOOP_ANALYSIS = YES;
				CLANG_WARN_STRICT_PROTOTYPES = YES;
				CLANG_WARN_SUSPICIOUS_MOVE = YES;
				CLANG_WARN_UNGUARDED_AVAILABILITY = YES_AGGRESSIVE;
				CLANG_WARN_UNREACHABLE_CODE = YES;
				CLANG_WARN__DUPLICATE_METHOD_MATCH = YES;
				CODE_SIGN_IDENTITY = "iPhone Developer";
				COPY_PHASE_STRIP = NO;
				DEBUG_INFORMATION_FORMAT = "dwarf-with-dsym";
				ENABLE_NS_ASSERTIONS = NO;
				ENABLE_STRICT_OBJC_MSGSEND = YES;
				GCC_C_LANGUAGE_STANDARD = gnu11;
				GCC_NO_COMMON_BLOCKS = YES;
				GCC_WARN_64_TO_32_BIT_CONVERSION = YES;
				GCC_WARN_ABOUT_RETURN_TYPE = YES_ERROR;
				GCC_WARN_UNDECLARED_SELECTOR = YES;
				GCC_WARN_UNINITIALIZED_AUTOS = YES_AGGRESSIVE;
				GCC_WARN_UNUSED_FUNCTION = YES;
				GCC_WARN_UNUSED_VARIABLE = YES;
				IPHONEOS_DEPLOYMENT_TARGET = 11.4;
				MTL_ENABLE_DEBUG_INFO = NO;
				SDKROOT = iphoneos;
				SWIFT_COMPILATION_MODE = wholemodule;
				SWIFT_OPTIMIZATION_LEVEL = "-O";
				VALIDATE_PRODUCT = YES;
			};
			name = Release;
		};
		B757E0152128370E00532550 /* Debug */ = {
			isa = XCBuildConfiguration;
			buildSettings = {
				ASSETCATALOG_COMPILER_APPICON_NAME = AppIcon;
				CODE_SIGN_STYLE = Automatic;
				INFOPLIST_FILE = TempApp/Info.plist;
				LD_RUNPATH_SEARCH_PATHS = (
					"$(inherited)",
					"@executable_path/Frameworks",
				);
				PRODUCT_BUNDLE_IDENTIFIER = Privaate.TempApp;
				PRODUCT_NAME = "$(TARGET_NAME)";
				SWIFT_VERSION = 4.0;
				TARGETED_DEVICE_FAMILY = "1,2";
			};
			name = Debug;
		};
		B757E0162128370E00532550 /* Release */ = {
			isa = XCBuildConfiguration;
			buildSettings = {
				ASSETCATALOG_COMPILER_APPICON_NAME = AppIcon;
				CODE_SIGN_STYLE = Automatic;
				INFOPLIST_FILE = TempApp/Info.plist;
				LD_RUNPATH_SEARCH_PATHS = (
					"$(inherited)",
					"@executable_path/Frameworks",
				);
				PRODUCT_BUNDLE_IDENTIFIER = Privaate.TempApp;
				PRODUCT_NAME = "$(TARGET_NAME)";
				SWIFT_VERSION = 4.0;
				TARGETED_DEVICE_FAMILY = "1,2";
			};
			name = Release;
		};
		B757E0182128370E00532550 /* Debug */ = {
			isa = XCBuildConfiguration;
			buildSettings = {
				ALWAYS_EMBED_SWIFT_STANDARD_LIBRARIES = YES;
				BUNDLE_LOADER = "$(TEST_HOST)";
				CODE_SIGN_STYLE = Automatic;
				INFOPLIST_FILE = TempAppTests/Info.plist;
				LD_RUNPATH_SEARCH_PATHS = (
					"$(inherited)",
					"@executable_path/Frameworks",
					"@loader_path/Frameworks",
				);
				PRODUCT_BUNDLE_IDENTIFIER = Privaate.TempAppTests;
				PRODUCT_NAME = "$(TARGET_NAME)";
				SWIFT_VERSION = 4.0;
				TARGETED_DEVICE_FAMILY = "1,2";
				TEST_HOST = "$(BUILT_PRODUCTS_DIR)/TempApp.app/TempApp";
			};
			name = Debug;
		};
		B757E0192128370E00532550 /* Release */ = {
			isa = XCBuildConfiguration;
			buildSettings = {
				ALWAYS_EMBED_SWIFT_STANDARD_LIBRARIES = YES;
				BUNDLE_LOADER = "$(TEST_HOST)";
				CODE_SIGN_STYLE = Automatic;
				INFOPLIST_FILE = TempAppTests/Info.plist;
				LD_RUNPATH_SEARCH_PATHS = (
					"$(inherited)",
					"@executable_path/Frameworks",
					"@loader_path/Frameworks",
				);
				PRODUCT_BUNDLE_IDENTIFIER = Privaate.TempAppTests;
				PRODUCT_NAME = "$(TARGET_NAME)";
				SWIFT_VERSION = 4.0;
				TARGETED_DEVICE_FAMILY = "1,2";
				TEST_HOST = "$(BUILT_PRODUCTS_DIR)/TempApp.app/TempApp";
			};
			name = Release;
		};
/* End XCBuildConfiguration section */

/* Begin XCConfigurationList section */
		B757DFF22128370C00532550 /* Build configuration list for PBXProject "TempApp" */ = {
			isa = XCConfigurationList;
			buildConfigurations = (
				B757E0122128370E00532550 /* Debug */,
				B757E0132128370E00532550 /* Release */,
			);
			defaultConfigurationIsVisible = 0;
			defaultConfigurationName = Release;
		};
		B757E0142128370E00532550 /* Build configuration list for PBXNativeTarget "TempApp" */ = {
			isa = XCConfigurationList;
			buildConfigurations = (
				B757E0152128370E00532550 /* Debug */,
				B757E0162128370E00532550 /* Release */,
			);
			defaultConfigurationIsVisible = 0;
			defaultConfigurationName = Release;
		};
		B757E0172128370E00532550 /* Build configuration list for PBXNativeTarget "TempAppTests" */ = {
			isa = XCConfigurationList;
			buildConfigurations = (
				B757E0182128370E00532550 /* Debug */,
				B757E0192128370E00532550 /* Release */,
			);
			defaultConfigurationIsVisible = 0;
			defaultConfigurationName = Release;
		};
/* End XCConfigurationList section */
	};
	rootObject = B757DFEF2128370C00532550 /* Project object */;
}
